
Microsoft Visual Studio Solution File, Format Version 12.00
# Visual Studio Version 17
VisualStudioVersion = 17.9.34622.214
MinimumVisualStudioVersion = 10.0.40219.1
Project("{FAE04EC0-301F-11D3-BF4B-00C04F79EFBC}") = "WindowsFormsApp091025DKKO", "WindowsFormsApp091025DKKO.csproj", "{2C400532-B273-4764-848C-2CB339DE18FC}"
EndProject
Global
	GlobalSection(SolutionConfigurationPlatforms) = preSolution
		Debug|Any CPU = Debug|Any CPU
		Release|Any CPU = Release|Any CPU
	EndGlobalSection
	GlobalSection(ProjectConfigurationPlatforms) = postSolution
		{2C400532-B273-4764-848C-2CB339DE18FC}.Debug|Any CPU.ActiveCfg = Debug|Any CPU
		{2C400532-B273-4764-848C-2CB339DE18FC}.Debug|Any CPU.Build.0 = Debug|Any CPU
		{2C400532-B273-4764-848C-2CB339DE18FC}.Release|Any CPU.ActiveCfg = Release|Any CPU
		{2C400532-B273-4764-848C-2CB339DE18FC}.Release|Any CPU.Build.0 = Release|Any CPU
	EndGlobalSection
	GlobalSection(SolutionProperties) = preSolution
		HideSolutionNode = FALSE
	EndGlobalSection
	GlobalSection(ExtensibilityGlobals) = postSolution
		SolutionGuid = {38AB3A79-5173-4FFD-ACA5-7D146B730D83}
	EndGlobalSection
EndGlobal
